// !$*UTF8*$!
{
	archiveVersion = 1;
	classes = {
	};
	objectVersion = 56;
	objects = {

/* Begin PBXBuildFile section */
		5EDB6449EBA575B6558F238E /* Pods_Dardesh.framework in Frameworks */ = {isa = PBXBuildFile; fileRef = 72DD7A56E1B99CFE9EC9C8F0 /* Pods_Dardesh.framework */; };
		9D0EB4932AD3EC9C007AFB95 /* EditProfileTableVC.swift in Sources */ = {isa = PBXBuildFile; fileRef = 9D0EB4922AD3EC9C007AFB95 /* EditProfileTableVC.swift */; };
		9D2126902AE97626006243BE /* VideoMessage.swift in Sources */ = {isa = PBXBuildFile; fileRef = 9D21268F2AE97626006243BE /* VideoMessage.swift */; };
		9D2B8BAC2AE916E700FFAAAB /* PhotoMessage.swift in Sources */ = {isa = PBXBuildFile; fileRef = 9D2B8BAB2AE916E700FFAAAB /* PhotoMessage.swift */; };
		9D5094382AE56FA1001E7893 /* TypingFirestoreListener.swift in Sources */ = {isa = PBXBuildFile; fileRef = 9D5094372AE56FA1001E7893 /* TypingFirestoreListener.swift */; };
		9D5FAA0B2AEAE3E100ED0696 /* LocationManager.swift in Sources */ = {isa = PBXBuildFile; fileRef = 9D5FAA0A2AEAE3E100ED0696 /* LocationManager.swift */; };
		9D78C92D2AE8023C00B33E6C /* GalleryControllerDelegate.swift in Sources */ = {isa = PBXBuildFile; fileRef = 9D78C92C2AE8023C00B33E6C /* GalleryControllerDelegate.swift */; };
		9D92F5A82ADC2C5600BE53F7 /* MessagesVC.swift in Sources */ = {isa = PBXBuildFile; fileRef = 9D92F5A72ADC2C5500BE53F7 /* MessagesVC.swift */; };
		9D990CCA2AD9920500161C38 /* ChatsTableVC.swift in Sources */ = {isa = PBXBuildFile; fileRef = 9D990CC92AD9920500161C38 /* ChatsTableVC.swift */; };
		9D990CCC2AD9924D00161C38 /* ChatTableViewCell.swift in Sources */ = {isa = PBXBuildFile; fileRef = 9D990CCB2AD9924D00161C38 /* ChatTableViewCell.swift */; };
		9D990CCE2AD9957C00161C38 /* MainVC.swift in Sources */ = {isa = PBXBuildFile; fileRef = 9D990CCD2AD9957C00161C38 /* MainVC.swift */; };
		9D9EFC022AD9BE2B008743D2 /* ChatRoom.swift in Sources */ = {isa = PBXBuildFile; fileRef = 9D9EFC012AD9BE2B008743D2 /* ChatRoom.swift */; };
		9DAD32F42ADE593100DA7DC6 /* Incoming.swift in Sources */ = {isa = PBXBuildFile; fileRef = 9DAD32F32ADE593100DA7DC6 /* Incoming.swift */; };
		9DAED43F2ADBA7750002CBD1 /* ChatRoomFirestoreListener.swift in Sources */ = {isa = PBXBuildFile; fileRef = 9DAED43E2ADBA7750002CBD1 /* ChatRoomFirestoreListener.swift */; };
		9DB24ED72ACD597C0046BEE8 /* AppDelegate.swift in Sources */ = {isa = PBXBuildFile; fileRef = 9DB24ED62ACD597C0046BEE8 /* AppDelegate.swift */; };
		9DB24ED92ACD597C0046BEE8 /* SceneDelegate.swift in Sources */ = {isa = PBXBuildFile; fileRef = 9DB24ED82ACD597C0046BEE8 /* SceneDelegate.swift */; };
		9DB24EDB2ACD597C0046BEE8 /* LoginVC.swift in Sources */ = {isa = PBXBuildFile; fileRef = 9DB24EDA2ACD597C0046BEE8 /* LoginVC.swift */; };
		9DB24EDE2ACD597C0046BEE8 /* Main.storyboard in Resources */ = {isa = PBXBuildFile; fileRef = 9DB24EDC2ACD597C0046BEE8 /* Main.storyboard */; };
		9DB24EE02ACD597F0046BEE8 /* Assets.xcassets in Resources */ = {isa = PBXBuildFile; fileRef = 9DB24EDF2ACD597F0046BEE8 /* Assets.xcassets */; };
		9DB24EE32ACD597F0046BEE8 /* LaunchScreen.storyboard in Resources */ = {isa = PBXBuildFile; fileRef = 9DB24EE12ACD597F0046BEE8 /* LaunchScreen.storyboard */; };
		9DB24EEB2ACD59F80046BEE8 /* GoogleService-Info.plist in Resources */ = {isa = PBXBuildFile; fileRef = 9DB24EEA2ACD59F80046BEE8 /* GoogleService-Info.plist */; };
		9DC3ED3C2AD83C1400C027E4 /* UserProfileTableVC.swift in Sources */ = {isa = PBXBuildFile; fileRef = 9DC3ED3B2AD83C1400C027E4 /* UserProfileTableVC.swift */; };
		9DCB270F2ADD09FF00F1A8FA /* LocalMessage.swift in Sources */ = {isa = PBXBuildFile; fileRef = 9DCB270E2ADD09FF00F1A8FA /* LocalMessage.swift */; };
		9DCB27122ADD370D00F1A8FA /* MessagesDataSource.swift in Sources */ = {isa = PBXBuildFile; fileRef = 9DCB27112ADD370D00F1A8FA /* MessagesDataSource.swift */; };
		9DCB27142ADD373A00F1A8FA /* MessageCellDelegate.swift in Sources */ = {isa = PBXBuildFile; fileRef = 9DCB27132ADD373A00F1A8FA /* MessageCellDelegate.swift */; };
		9DCB27162ADD375100F1A8FA /* MessagesDisplayDelegate.swift in Sources */ = {isa = PBXBuildFile; fileRef = 9DCB27152ADD375100F1A8FA /* MessagesDisplayDelegate.swift */; };
		9DCB27182ADD377400F1A8FA /* MessagesLayoutDelegate.swift in Sources */ = {isa = PBXBuildFile; fileRef = 9DCB27172ADD377400F1A8FA /* MessagesLayoutDelegate.swift */; };
		9DCB271A2ADD37A200F1A8FA /* InputBarAccessoryViewDelegate.swift in Sources */ = {isa = PBXBuildFile; fileRef = 9DCB27192ADD37A200F1A8FA /* InputBarAccessoryViewDelegate.swift */; };
		9DCB271C2ADD755500F1A8FA /* MKSender.swift in Sources */ = {isa = PBXBuildFile; fileRef = 9DCB271B2ADD755500F1A8FA /* MKSender.swift */; };
		9DCB271E2ADD7C3800F1A8FA /* MKMessage.swift in Sources */ = {isa = PBXBuildFile; fileRef = 9DCB271D2ADD7C3800F1A8FA /* MKMessage.swift */; };
		9DCB27202ADD92E700F1A8FA /* RealmManager.swift in Sources */ = {isa = PBXBuildFile; fileRef = 9DCB271F2ADD92E700F1A8FA /* RealmManager.swift */; };
		9DCB27222ADD96D400F1A8FA /* MessageFirestoreListener.swift in Sources */ = {isa = PBXBuildFile; fileRef = 9DCB27212ADD96D400F1A8FA /* MessageFirestoreListener.swift */; };
		9DCB27242ADD9CC600F1A8FA /* Outgoing.swift in Sources */ = {isa = PBXBuildFile; fileRef = 9DCB27232ADD9CC600F1A8FA /* Outgoing.swift */; };
		9DCEAF042AD7C418000CE9DE /* UsersTableVC.swift in Sources */ = {isa = PBXBuildFile; fileRef = 9DCEAF032AD7C418000CE9DE /* UsersTableVC.swift */; };
		9DCEAF062AD7C446000CE9DE /* UserTableViewCell.swift in Sources */ = {isa = PBXBuildFile; fileRef = 9DCEAF052AD7C446000CE9DE /* UserTableViewCell.swift */; };
		9DD0073E2ACEB11100A99B3E /* User.swift in Sources */ = {isa = PBXBuildFile; fileRef = 9DD0073D2ACEB11100A99B3E /* User.swift */; };
		9DD007402ACEB41500A99B3E /* FirestoreCollectionReference.swift in Sources */ = {isa = PBXBuildFile; fileRef = 9DD0073F2ACEB41500A99B3E /* FirestoreCollectionReference.swift */; };
		9DD007422ACECED600A99B3E /* UserFirestoreListener.swift in Sources */ = {isa = PBXBuildFile; fileRef = 9DD007412ACECED600A99B3E /* UserFirestoreListener.swift */; };
		9DD007442ACF05DD00A99B3E /* Constants.swift in Sources */ = {isa = PBXBuildFile; fileRef = 9DD007432ACF05DD00A99B3E /* Constants.swift */; };
		9DD7F9B52AD53EAD00B559DB /* FileStorage.swift in Sources */ = {isa = PBXBuildFile; fileRef = 9DD7F9B42AD53EAD00B559DB /* FileStorage.swift */; };
		9DD9C2B92AD2F95600AFBC39 /* SettingsTableVC.swift in Sources */ = {isa = PBXBuildFile; fileRef = 9DD9C2B82AD2F95600AFBC39 /* SettingsTableVC.swift */; };
		9DEB17F02AD6B66200577037 /* GlobalFunctions.swift in Sources */ = {isa = PBXBuildFile; fileRef = 9DEB17EF2AD6B66200577037 /* GlobalFunctions.swift */; };
		9DEB17F22AD6F75000577037 /* Extensions.swift in Sources */ = {isa = PBXBuildFile; fileRef = 9DEB17F12AD6F75000577037 /* Extensions.swift */; };
		9DEB17F42AD7038800577037 /* StatusTableVC.swift in Sources */ = {isa = PBXBuildFile; fileRef = 9DEB17F32AD7038800577037 /* StatusTableVC.swift */; };
		9DFB6CC02ADAA47700E51E3C /* StartChat.swift in Sources */ = {isa = PBXBuildFile; fileRef = 9DFB6CBF2ADAA47700E51E3C /* StartChat.swift */; };
/* End PBXBuildFile section */

/* Begin PBXFileReference section */
		390EC9BDEDAF02F06A0F258E /* Pods-Dardesh.release.xcconfig */ = {isa = PBXFileReference; includeInIndex = 1; lastKnownFileType = text.xcconfig; name = "Pods-Dardesh.release.xcconfig"; path = "Target Support Files/Pods-Dardesh/Pods-Dardesh.release.xcconfig"; sourceTree = "<group>"; };
		6BCB815348CE214703D38809 /* Pods-Dardesh.debug.xcconfig */ = {isa = PBXFileReference; includeInIndex = 1; lastKnownFileType = text.xcconfig; name = "Pods-Dardesh.debug.xcconfig"; path = "Target Support Files/Pods-Dardesh/Pods-Dardesh.debug.xcconfig"; sourceTree = "<group>"; };
		72DD7A56E1B99CFE9EC9C8F0 /* Pods_Dardesh.framework */ = {isa = PBXFileReference; explicitFileType = wrapper.framework; includeInIndex = 0; path = Pods_Dardesh.framework; sourceTree = BUILT_PRODUCTS_DIR; };
		9D0EB4922AD3EC9C007AFB95 /* EditProfileTableVC.swift */ = {isa = PBXFileReference; lastKnownFileType = sourcecode.swift; path = EditProfileTableVC.swift; sourceTree = "<group>"; };
		9D21268F2AE97626006243BE /* VideoMessage.swift */ = {isa = PBXFileReference; lastKnownFileType = sourcecode.swift; path = VideoMessage.swift; sourceTree = "<group>"; };
		9D2B8BAB2AE916E700FFAAAB /* PhotoMessage.swift */ = {isa = PBXFileReference; lastKnownFileType = sourcecode.swift; path = PhotoMessage.swift; sourceTree = "<group>"; };
		9D5094372AE56FA1001E7893 /* TypingFirestoreListener.swift */ = {isa = PBXFileReference; lastKnownFileType = sourcecode.swift; path = TypingFirestoreListener.swift; sourceTree = "<group>"; };
		9D5FAA0A2AEAE3E100ED0696 /* LocationManager.swift */ = {isa = PBXFileReference; lastKnownFileType = sourcecode.swift; path = LocationManager.swift; sourceTree = "<group>"; };
		9D78C92C2AE8023C00B33E6C /* GalleryControllerDelegate.swift */ = {isa = PBXFileReference; lastKnownFileType = sourcecode.swift; path = GalleryControllerDelegate.swift; sourceTree = "<group>"; };
		9D92F5A72ADC2C5500BE53F7 /* MessagesVC.swift */ = {isa = PBXFileReference; lastKnownFileType = sourcecode.swift; path = MessagesVC.swift; sourceTree = "<group>"; };
		9D990CC92AD9920500161C38 /* ChatsTableVC.swift */ = {isa = PBXFileReference; lastKnownFileType = sourcecode.swift; path = ChatsTableVC.swift; sourceTree = "<group>"; };
		9D990CCB2AD9924D00161C38 /* ChatTableViewCell.swift */ = {isa = PBXFileReference; lastKnownFileType = sourcecode.swift; path = ChatTableViewCell.swift; sourceTree = "<group>"; };
		9D990CCD2AD9957C00161C38 /* MainVC.swift */ = {isa = PBXFileReference; lastKnownFileType = sourcecode.swift; path = MainVC.swift; sourceTree = "<group>"; };
		9D9EFC012AD9BE2B008743D2 /* ChatRoom.swift */ = {isa = PBXFileReference; lastKnownFileType = sourcecode.swift; path = ChatRoom.swift; sourceTree = "<group>"; };
		9DAD32F32ADE593100DA7DC6 /* Incoming.swift */ = {isa = PBXFileReference; lastKnownFileType = sourcecode.swift; path = Incoming.swift; sourceTree = "<group>"; };
		9DAED43E2ADBA7750002CBD1 /* ChatRoomFirestoreListener.swift */ = {isa = PBXFileReference; lastKnownFileType = sourcecode.swift; path = ChatRoomFirestoreListener.swift; sourceTree = "<group>"; };
		9DB24ED32ACD597C0046BEE8 /* Dardesh.app */ = {isa = PBXFileReference; explicitFileType = wrapper.application; includeInIndex = 0; path = Dardesh.app; sourceTree = BUILT_PRODUCTS_DIR; };
		9DB24ED62ACD597C0046BEE8 /* AppDelegate.swift */ = {isa = PBXFileReference; lastKnownFileType = sourcecode.swift; path = AppDelegate.swift; sourceTree = "<group>"; };
		9DB24ED82ACD597C0046BEE8 /* SceneDelegate.swift */ = {isa = PBXFileReference; lastKnownFileType = sourcecode.swift; path = SceneDelegate.swift; sourceTree = "<group>"; };
		9DB24EDA2ACD597C0046BEE8 /* LoginVC.swift */ = {isa = PBXFileReference; lastKnownFileType = sourcecode.swift; path = LoginVC.swift; sourceTree = "<group>"; };
		9DB24EDD2ACD597C0046BEE8 /* Base */ = {isa = PBXFileReference; lastKnownFileType = file.storyboard; name = Base; path = Base.lproj/Main.storyboard; sourceTree = "<group>"; };
		9DB24EDF2ACD597F0046BEE8 /* Assets.xcassets */ = {isa = PBXFileReference; lastKnownFileType = folder.assetcatalog; path = Assets.xcassets; sourceTree = "<group>"; };
		9DB24EE22ACD597F0046BEE8 /* Base */ = {isa = PBXFileReference; lastKnownFileType = file.storyboard; name = Base; path = Base.lproj/LaunchScreen.storyboard; sourceTree = "<group>"; };
		9DB24EE42ACD597F0046BEE8 /* Info.plist */ = {isa = PBXFileReference; lastKnownFileType = text.plist.xml; path = Info.plist; sourceTree = "<group>"; };
		9DB24EEA2ACD59F80046BEE8 /* GoogleService-Info.plist */ = {isa = PBXFileReference; fileEncoding = 4; lastKnownFileType = text.plist.xml; path = "GoogleService-Info.plist"; sourceTree = "<group>"; };
		9DC3ED3B2AD83C1400C027E4 /* UserProfileTableVC.swift */ = {isa = PBXFileReference; lastKnownFileType = sourcecode.swift; path = UserProfileTableVC.swift; sourceTree = "<group>"; };
		9DCB270E2ADD09FF00F1A8FA /* LocalMessage.swift */ = {isa = PBXFileReference; lastKnownFileType = sourcecode.swift; path = LocalMessage.swift; sourceTree = "<group>"; };
		9DCB27112ADD370D00F1A8FA /* MessagesDataSource.swift */ = {isa = PBXFileReference; lastKnownFileType = sourcecode.swift; path = MessagesDataSource.swift; sourceTree = "<group>"; };
		9DCB27132ADD373A00F1A8FA /* MessageCellDelegate.swift */ = {isa = PBXFileReference; lastKnownFileType = sourcecode.swift; path = MessageCellDelegate.swift; sourceTree = "<group>"; };
		9DCB27152ADD375100F1A8FA /* MessagesDisplayDelegate.swift */ = {isa = PBXFileReference; lastKnownFileType = sourcecode.swift; path = MessagesDisplayDelegate.swift; sourceTree = "<group>"; };
		9DCB27172ADD377400F1A8FA /* MessagesLayoutDelegate.swift */ = {isa = PBXFileReference; lastKnownFileType = sourcecode.swift; path = MessagesLayoutDelegate.swift; sourceTree = "<group>"; };
		9DCB27192ADD37A200F1A8FA /* InputBarAccessoryViewDelegate.swift */ = {isa = PBXFileReference; lastKnownFileType = sourcecode.swift; path = InputBarAccessoryViewDelegate.swift; sourceTree = "<group>"; };
		9DCB271B2ADD755500F1A8FA /* MKSender.swift */ = {isa = PBXFileReference; lastKnownFileType = sourcecode.swift; path = MKSender.swift; sourceTree = "<group>"; };
		9DCB271D2ADD7C3800F1A8FA /* MKMessage.swift */ = {isa = PBXFileReference; lastKnownFileType = sourcecode.swift; path = MKMessage.swift; sourceTree = "<group>"; };
		9DCB271F2ADD92E700F1A8FA /* RealmManager.swift */ = {isa = PBXFileReference; lastKnownFileType = sourcecode.swift; path = RealmManager.swift; sourceTree = "<group>"; };
		9DCB27212ADD96D400F1A8FA /* MessageFirestoreListener.swift */ = {isa = PBXFileReference; lastKnownFileType = sourcecode.swift; path = MessageFirestoreListener.swift; sourceTree = "<group>"; };
		9DCB27232ADD9CC600F1A8FA /* Outgoing.swift */ = {isa = PBXFileReference; lastKnownFileType = sourcecode.swift; path = Outgoing.swift; sourceTree = "<group>"; };
		9DCEAF032AD7C418000CE9DE /* UsersTableVC.swift */ = {isa = PBXFileReference; lastKnownFileType = sourcecode.swift; path = UsersTableVC.swift; sourceTree = "<group>"; };
		9DCEAF052AD7C446000CE9DE /* UserTableViewCell.swift */ = {isa = PBXFileReference; lastKnownFileType = sourcecode.swift; path = UserTableViewCell.swift; sourceTree = "<group>"; };
		9DD0073D2ACEB11100A99B3E /* User.swift */ = {isa = PBXFileReference; lastKnownFileType = sourcecode.swift; path = User.swift; sourceTree = "<group>"; };
		9DD0073F2ACEB41500A99B3E /* FirestoreCollectionReference.swift */ = {isa = PBXFileReference; lastKnownFileType = sourcecode.swift; path = FirestoreCollectionReference.swift; sourceTree = "<group>"; };
		9DD007412ACECED600A99B3E /* UserFirestoreListener.swift */ = {isa = PBXFileReference; lastKnownFileType = sourcecode.swift; path = UserFirestoreListener.swift; sourceTree = "<group>"; };
		9DD007432ACF05DD00A99B3E /* Constants.swift */ = {isa = PBXFileReference; lastKnownFileType = sourcecode.swift; path = Constants.swift; sourceTree = "<group>"; };
		9DD7F9B42AD53EAD00B559DB /* FileStorage.swift */ = {isa = PBXFileReference; lastKnownFileType = sourcecode.swift; path = FileStorage.swift; sourceTree = "<group>"; };
		9DD9C2B82AD2F95600AFBC39 /* SettingsTableVC.swift */ = {isa = PBXFileReference; lastKnownFileType = sourcecode.swift; path = SettingsTableVC.swift; sourceTree = "<group>"; };
		9DEB17EF2AD6B66200577037 /* GlobalFunctions.swift */ = {isa = PBXFileReference; lastKnownFileType = sourcecode.swift; path = GlobalFunctions.swift; sourceTree = "<group>"; };
		9DEB17F12AD6F75000577037 /* Extensions.swift */ = {isa = PBXFileReference; lastKnownFileType = sourcecode.swift; path = Extensions.swift; sourceTree = "<group>"; };
		9DEB17F32AD7038800577037 /* StatusTableVC.swift */ = {isa = PBXFileReference; lastKnownFileType = sourcecode.swift; path = StatusTableVC.swift; sourceTree = "<group>"; };
		9DFB6CBF2ADAA47700E51E3C /* StartChat.swift */ = {isa = PBXFileReference; lastKnownFileType = sourcecode.swift; path = StartChat.swift; sourceTree = "<group>"; };
/* End PBXFileReference section */

/* Begin PBXFrameworksBuildPhase section */
		9DB24ED02ACD597C0046BEE8 /* Frameworks */ = {
			isa = PBXFrameworksBuildPhase;
			buildActionMask = 2147483647;
			files = (
				5EDB6449EBA575B6558F238E /* Pods_Dardesh.framework in Frameworks */,
			);
			runOnlyForDeploymentPostprocessing = 0;
		};
/* End PBXFrameworksBuildPhase section */

/* Begin PBXGroup section */
		2441B40D754D57B4B202BCA7 /* Frameworks */ = {
			isa = PBXGroup;
			children = (
				72DD7A56E1B99CFE9EC9C8F0 /* Pods_Dardesh.framework */,
			);
			name = Frameworks;
			sourceTree = "<group>";
		};
		693FA3FABAC08B214CCB72E6 /* Pods */ = {
			isa = PBXGroup;
			children = (
				6BCB815348CE214703D38809 /* Pods-Dardesh.debug.xcconfig */,
				390EC9BDEDAF02F06A0F258E /* Pods-Dardesh.release.xcconfig */,
			);
			path = Pods;
			sourceTree = "<group>";
		};
		9D0EB4942AD3ECCC007AFB95 /* SettingsTab */ = {
			isa = PBXGroup;
			children = (
				9DD9C2B82AD2F95600AFBC39 /* SettingsTableVC.swift */,
				9D0EB4922AD3EC9C007AFB95 /* EditProfileTableVC.swift */,
				9DEB17F32AD7038800577037 /* StatusTableVC.swift */,
			);
			path = SettingsTab;
			sourceTree = "<group>";
		};
		9D0EB4952AD3ED01007AFB95 /* ChannelsTab */ = {
			isa = PBXGroup;
			children = (
			);
			path = ChannelsTab;
			sourceTree = "<group>";
		};
		9D0EB4962AD3ED56007AFB95 /* UsersTab */ = {
			isa = PBXGroup;
			children = (
				9DCEAF032AD7C418000CE9DE /* UsersTableVC.swift */,
				9DCEAF052AD7C446000CE9DE /* UserTableViewCell.swift */,
				9DC3ED3B2AD83C1400C027E4 /* UserProfileTableVC.swift */,
			);
			path = UsersTab;
			sourceTree = "<group>";
		};
		9D990CC82AD98D6200161C38 /* Onboarding */ = {
			isa = PBXGroup;
			children = (
				9DB24EDA2ACD597C0046BEE8 /* LoginVC.swift */,
				9D990CCD2AD9957C00161C38 /* MainVC.swift */,
			);
			path = Onboarding;
			sourceTree = "<group>";
		};
		9DB24ECA2ACD597C0046BEE8 = {
			isa = PBXGroup;
			children = (
				9DB24ED52ACD597C0046BEE8 /* Dardesh */,
				9DB24ED42ACD597C0046BEE8 /* Products */,
				693FA3FABAC08B214CCB72E6 /* Pods */,
				2441B40D754D57B4B202BCA7 /* Frameworks */,
			);
			sourceTree = "<group>";
		};
		9DB24ED42ACD597C0046BEE8 /* Products */ = {
			isa = PBXGroup;
			children = (
				9DB24ED32ACD597C0046BEE8 /* Dardesh.app */,
			);
			name = Products;
			sourceTree = "<group>";
		};
		9DB24ED52ACD597C0046BEE8 /* Dardesh */ = {
			isa = PBXGroup;
			children = (
				9DEB17EE2AD6B63600577037 /* Helpers */,
				9DD7F9B62AD54EB900B559DB /* Firestore */,
				9DD0073C2ACEB06700A99B3E /* Models */,
				9DD0073B2ACEB05C00A99B3E /* Views */,
				9DD0073A2ACEB01900A99B3E /* Controllers */,
				9DB24EDF2ACD597F0046BEE8 /* Assets.xcassets */,
				9DB24EE42ACD597F0046BEE8 /* Info.plist */,
				9DB24EEA2ACD59F80046BEE8 /* GoogleService-Info.plist */,
			);
			path = Dardesh;
			sourceTree = "<group>";
		};
		9DCB27102ADD2A1900F1A8FA /* MessagesVCExtensions */ = {
			isa = PBXGroup;
			children = (
				9DCB27112ADD370D00F1A8FA /* MessagesDataSource.swift */,
				9DCB27132ADD373A00F1A8FA /* MessageCellDelegate.swift */,
				9DCB27152ADD375100F1A8FA /* MessagesDisplayDelegate.swift */,
				9DCB27172ADD377400F1A8FA /* MessagesLayoutDelegate.swift */,
				9DCB27192ADD37A200F1A8FA /* InputBarAccessoryViewDelegate.swift */,
				9D78C92C2AE8023C00B33E6C /* GalleryControllerDelegate.swift */,
			);
			path = MessagesVCExtensions;
			sourceTree = "<group>";
		};
		9DCE96422AD98AE40022AB49 /* ChatTab */ = {
			isa = PBXGroup;
			children = (
				9D990CC92AD9920500161C38 /* ChatsTableVC.swift */,
				9D990CCB2AD9924D00161C38 /* ChatTableViewCell.swift */,
				9D92F5A72ADC2C5500BE53F7 /* MessagesVC.swift */,
				9DCB27102ADD2A1900F1A8FA /* MessagesVCExtensions */,
			);
			path = ChatTab;
			sourceTree = "<group>";
		};
		9DD0073A2ACEB01900A99B3E /* Controllers */ = {
			isa = PBXGroup;
			children = (
				9D990CC82AD98D6200161C38 /* Onboarding */,
				9DCE96422AD98AE40022AB49 /* ChatTab */,
				9D0EB4952AD3ED01007AFB95 /* ChannelsTab */,
				9D0EB4962AD3ED56007AFB95 /* UsersTab */,
				9D0EB4942AD3ECCC007AFB95 /* SettingsTab */,
				9DB24ED82ACD597C0046BEE8 /* SceneDelegate.swift */,
				9DB24ED62ACD597C0046BEE8 /* AppDelegate.swift */,
			);
			path = Controllers;
			sourceTree = "<group>";
		};
		9DD0073B2ACEB05C00A99B3E /* Views */ = {
			isa = PBXGroup;
			children = (
				9DB24EDC2ACD597C0046BEE8 /* Main.storyboard */,
				9DB24EE12ACD597F0046BEE8 /* LaunchScreen.storyboard */,
			);
			path = Views;
			sourceTree = "<group>";
		};
		9DD0073C2ACEB06700A99B3E /* Models */ = {
			isa = PBXGroup;
			children = (
				9DD0073D2ACEB11100A99B3E /* User.swift */,
				9D9EFC012AD9BE2B008743D2 /* ChatRoom.swift */,
				9DCB270E2ADD09FF00F1A8FA /* LocalMessage.swift */,
				9DCB271B2ADD755500F1A8FA /* MKSender.swift */,
				9DCB271D2ADD7C3800F1A8FA /* MKMessage.swift */,
				9DCB271F2ADD92E700F1A8FA /* RealmManager.swift */,
				9DCB27232ADD9CC600F1A8FA /* Outgoing.swift */,
				9DAD32F32ADE593100DA7DC6 /* Incoming.swift */,
				9D2B8BAB2AE916E700FFAAAB /* PhotoMessage.swift */,
				9D21268F2AE97626006243BE /* VideoMessage.swift */,
				9D5FAA0A2AEAE3E100ED0696 /* LocationManager.swift */,
			);
			path = Models;
			sourceTree = "<group>";
		};
		9DD7F9B62AD54EB900B559DB /* Firestore */ = {
			isa = PBXGroup;
			children = (
				9DD0073F2ACEB41500A99B3E /* FirestoreCollectionReference.swift */,
				9DD7F9B42AD53EAD00B559DB /* FileStorage.swift */,
				9DD007412ACECED600A99B3E /* UserFirestoreListener.swift */,
				9DAED43E2ADBA7750002CBD1 /* ChatRoomFirestoreListener.swift */,
				9DCB27212ADD96D400F1A8FA /* MessageFirestoreListener.swift */,
				9D5094372AE56FA1001E7893 /* TypingFirestoreListener.swift */,
			);
			path = Firestore;
			sourceTree = "<group>";
		};
		9DEB17EE2AD6B63600577037 /* Helpers */ = {
			isa = PBXGroup;
			children = (
				9DEB17EF2AD6B66200577037 /* GlobalFunctions.swift */,
				9DFB6CBF2ADAA47700E51E3C /* StartChat.swift */,
				9DD007432ACF05DD00A99B3E /* Constants.swift */,
				9DEB17F12AD6F75000577037 /* Extensions.swift */,
			);
			path = Helpers;
			sourceTree = "<group>";
		};
/* End PBXGroup section */

/* Begin PBXNativeTarget section */
		9DB24ED22ACD597C0046BEE8 /* Dardesh */ = {
			isa = PBXNativeTarget;
			buildConfigurationList = 9DB24EE72ACD597F0046BEE8 /* Build configuration list for PBXNativeTarget "Dardesh" */;
			buildPhases = (
				F5017F4922390570FD2D110B /* [CP] Check Pods Manifest.lock */,
				9DB24ECF2ACD597C0046BEE8 /* Sources */,
				9DB24ED02ACD597C0046BEE8 /* Frameworks */,
				9DB24ED12ACD597C0046BEE8 /* Resources */,
				D7496F6EDEF7EC29600A6A1F /* [CP] Embed Pods Frameworks */,
			);
			buildRules = (
			);
			dependencies = (
			);
			name = Dardesh;
			productName = Dardesh;
			productReference = 9DB24ED32ACD597C0046BEE8 /* Dardesh.app */;
			productType = "com.apple.product-type.application";
		};
/* End PBXNativeTarget section */

/* Begin PBXProject section */
		9DB24ECB2ACD597C0046BEE8 /* Project object */ = {
			isa = PBXProject;
			attributes = {
				BuildIndependentTargetsInParallel = 1;
				LastSwiftUpdateCheck = 1420;
				LastUpgradeCheck = 1420;
				TargetAttributes = {
					9DB24ED22ACD597C0046BEE8 = {
						CreatedOnToolsVersion = 14.2;
					};
				};
			};
			buildConfigurationList = 9DB24ECE2ACD597C0046BEE8 /* Build configuration list for PBXProject "Dardesh" */;
			compatibilityVersion = "Xcode 14.0";
			developmentRegion = en;
			hasScannedForEncodings = 0;
			knownRegions = (
				en,
				Base,
			);
			mainGroup = 9DB24ECA2ACD597C0046BEE8;
			productRefGroup = 9DB24ED42ACD597C0046BEE8 /* Products */;
			projectDirPath = "";
			projectRoot = "";
			targets = (
				9DB24ED22ACD597C0046BEE8 /* Dardesh */,
			);
		};
/* End PBXProject section */

/* Begin PBXResourcesBuildPhase section */
		9DB24ED12ACD597C0046BEE8 /* Resources */ = {
			isa = PBXResourcesBuildPhase;
			buildActionMask = 2147483647;
			files = (
				9DB24EE32ACD597F0046BEE8 /* LaunchScreen.storyboard in Resources */,
				9DB24EEB2ACD59F80046BEE8 /* GoogleService-Info.plist in Resources */,
				9DB24EE02ACD597F0046BEE8 /* Assets.xcassets in Resources */,
				9DB24EDE2ACD597C0046BEE8 /* Main.storyboard in Resources */,
			);
			runOnlyForDeploymentPostprocessing = 0;
		};
/* End PBXResourcesBuildPhase section */

/* Begin PBXShellScriptBuildPhase section */
		D7496F6EDEF7EC29600A6A1F /* [CP] Embed Pods Frameworks */ = {
			isa = PBXShellScriptBuildPhase;
			buildActionMask = 2147483647;
			files = (
			);
			inputFileListPaths = (
				"${PODS_ROOT}/Target Support Files/Pods-Dardesh/Pods-Dardesh-frameworks-${CONFIGURATION}-input-files.xcfilelist",
			);
			name = "[CP] Embed Pods Frameworks";
			outputFileListPaths = (
				"${PODS_ROOT}/Target Support Files/Pods-Dardesh/Pods-Dardesh-frameworks-${CONFIGURATION}-output-files.xcfilelist",
			);
			runOnlyForDeploymentPostprocessing = 0;
			shellPath = /bin/sh;
			shellScript = "\"${PODS_ROOT}/Target Support Files/Pods-Dardesh/Pods-Dardesh-frameworks.sh\"\n";
			showEnvVarsInLog = 0;
		};
		F5017F4922390570FD2D110B /* [CP] Check Pods Manifest.lock */ = {
			isa = PBXShellScriptBuildPhase;
			buildActionMask = 2147483647;
			files = (
			);
			inputFileListPaths = (
			);
			inputPaths = (
				"${PODS_PODFILE_DIR_PATH}/Podfile.lock",
				"${PODS_ROOT}/Manifest.lock",
			);
			name = "[CP] Check Pods Manifest.lock";
			outputFileListPaths = (
			);
			outputPaths = (
				"$(DERIVED_FILE_DIR)/Pods-Dardesh-checkManifestLockResult.txt",
			);
			runOnlyForDeploymentPostprocessing = 0;
			shellPath = /bin/sh;
			shellScript = "diff \"${PODS_PODFILE_DIR_PATH}/Podfile.lock\" \"${PODS_ROOT}/Manifest.lock\" > /dev/null\nif [ $? != 0 ] ; then\n    # print error to STDERR\n    echo \"error: The sandbox is not in sync with the Podfile.lock. Run 'pod install' or update your CocoaPods installation.\" >&2\n    exit 1\nfi\n# This output is used by Xcode 'outputs' to avoid re-running this script phase.\necho \"SUCCESS\" > \"${SCRIPT_OUTPUT_FILE_0}\"\n";
			showEnvVarsInLog = 0;
		};
/* End PBXShellScriptBuildPhase section */

/* Begin PBXSourcesBuildPhase section */
		9DB24ECF2ACD597C0046BEE8 /* Sources */ = {
			isa = PBXSourcesBuildPhase;
			buildActionMask = 2147483647;
			files = (
				9DCB27182ADD377400F1A8FA /* MessagesLayoutDelegate.swift in Sources */,
				9DCB27222ADD96D400F1A8FA /* MessageFirestoreListener.swift in Sources */,
				9DD0073E2ACEB11100A99B3E /* User.swift in Sources */,
				9DD7F9B52AD53EAD00B559DB /* FileStorage.swift in Sources */,
				9DEB17F02AD6B66200577037 /* GlobalFunctions.swift in Sources */,
				9D990CCC2AD9924D00161C38 /* ChatTableViewCell.swift in Sources */,
				9DB24EDB2ACD597C0046BEE8 /* LoginVC.swift in Sources */,
				9DCEAF062AD7C446000CE9DE /* UserTableViewCell.swift in Sources */,
				9D990CCA2AD9920500161C38 /* ChatsTableVC.swift in Sources */,
				9DCB271A2ADD37A200F1A8FA /* InputBarAccessoryViewDelegate.swift in Sources */,
				9DFB6CC02ADAA47700E51E3C /* StartChat.swift in Sources */,
				9DD007422ACECED600A99B3E /* UserFirestoreListener.swift in Sources */,
				9D5FAA0B2AEAE3E100ED0696 /* LocationManager.swift in Sources */,
				9DCB27122ADD370D00F1A8FA /* MessagesDataSource.swift in Sources */,
				9DB24ED72ACD597C0046BEE8 /* AppDelegate.swift in Sources */,
				9DCB271C2ADD755500F1A8FA /* MKSender.swift in Sources */,
				9DCEAF042AD7C418000CE9DE /* UsersTableVC.swift in Sources */,
				9D5094382AE56FA1001E7893 /* TypingFirestoreListener.swift in Sources */,
				9DD9C2B92AD2F95600AFBC39 /* SettingsTableVC.swift in Sources */,
				9D78C92D2AE8023C00B33E6C /* GalleryControllerDelegate.swift in Sources */,
				9DEB17F42AD7038800577037 /* StatusTableVC.swift in Sources */,
				9DCB270F2ADD09FF00F1A8FA /* LocalMessage.swift in Sources */,
				9D990CCE2AD9957C00161C38 /* MainVC.swift in Sources */,
				9D0EB4932AD3EC9C007AFB95 /* EditProfileTableVC.swift in Sources */,
				9DAD32F42ADE593100DA7DC6 /* Incoming.swift in Sources */,
				9DCB27242ADD9CC600F1A8FA /* Outgoing.swift in Sources */,
				9DAED43F2ADBA7750002CBD1 /* ChatRoomFirestoreListener.swift in Sources */,
				9DEB17F22AD6F75000577037 /* Extensions.swift in Sources */,
				9DD007442ACF05DD00A99B3E /* Constants.swift in Sources */,
				9DC3ED3C2AD83C1400C027E4 /* UserProfileTableVC.swift in Sources */,
				9DB24ED92ACD597C0046BEE8 /* SceneDelegate.swift in Sources */,
				9DCB27202ADD92E700F1A8FA /* RealmManager.swift in Sources */,
				9DCB27142ADD373A00F1A8FA /* MessageCellDelegate.swift in Sources */,
				9DCB27162ADD375100F1A8FA /* MessagesDisplayDelegate.swift in Sources */,
				9D9EFC022AD9BE2B008743D2 /* ChatRoom.swift in Sources */,
				9D92F5A82ADC2C5600BE53F7 /* MessagesVC.swift in Sources */,
				9DD007402ACEB41500A99B3E /* FirestoreCollectionReference.swift in Sources */,
				9D2B8BAC2AE916E700FFAAAB /* PhotoMessage.swift in Sources */,
				9D2126902AE97626006243BE /* VideoMessage.swift in Sources */,
				9DCB271E2ADD7C3800F1A8FA /* MKMessage.swift in Sources */,
			);
			runOnlyForDeploymentPostprocessing = 0;
		};
/* End PBXSourcesBuildPhase section */

/* Begin PBXVariantGroup section */
		9DB24EDC2ACD597C0046BEE8 /* Main.storyboard */ = {
			isa = PBXVariantGroup;
			children = (
				9DB24EDD2ACD597C0046BEE8 /* Base */,
			);
			name = Main.storyboard;
			sourceTree = "<group>";
		};
		9DB24EE12ACD597F0046BEE8 /* LaunchScreen.storyboard */ = {
			isa = PBXVariantGroup;
			children = (
				9DB24EE22ACD597F0046BEE8 /* Base */,
			);
			name = LaunchScreen.storyboard;
			sourceTree = "<group>";
		};
/* End PBXVariantGroup section */

/* Begin XCBuildConfiguration section */
		9DB24EE52ACD597F0046BEE8 /* Debug */ = {
			isa = XCBuildConfiguration;
			buildSettings = {
				ALWAYS_SEARCH_USER_PATHS = NO;
				CLANG_ANALYZER_NONNULL = YES;
				CLANG_ANALYZER_NUMBER_OBJECT_CONVERSION = YES_AGGRESSIVE;
				CLANG_CXX_LANGUAGE_STANDARD = "gnu++20";
				CLANG_ENABLE_MODULES = YES;
				CLANG_ENABLE_OBJC_ARC = YES;
				CLANG_ENABLE_OBJC_WEAK = YES;
				CLANG_WARN_BLOCK_CAPTURE_AUTORELEASING = YES;
				CLANG_WARN_BOOL_CONVERSION = YES;
				CLANG_WARN_COMMA = YES;
				CLANG_WARN_CONSTANT_CONVERSION = YES;
				CLANG_WARN_DEPRECATED_OBJC_IMPLEMENTATIONS = YES;
				CLANG_WARN_DIRECT_OBJC_ISA_USAGE = YES_ERROR;
				CLANG_WARN_DOCUMENTATION_COMMENTS = YES;
				CLANG_WARN_EMPTY_BODY = YES;
				CLANG_WARN_ENUM_CONVERSION = YES;
				CLANG_WARN_INFINITE_RECURSION = YES;
				CLANG_WARN_INT_CONVERSION = YES;
				CLANG_WARN_NON_LITERAL_NULL_CONVERSION = YES;
				CLANG_WARN_OBJC_IMPLICIT_RETAIN_SELF = YES;
				CLANG_WARN_OBJC_LITERAL_CONVERSION = YES;
				CLANG_WARN_OBJC_ROOT_CLASS = YES_ERROR;
				CLANG_WARN_QUOTED_INCLUDE_IN_FRAMEWORK_HEADER = YES;
				CLANG_WARN_RANGE_LOOP_ANALYSIS = YES;
				CLANG_WARN_STRICT_PROTOTYPES = YES;
				CLANG_WARN_SUSPICIOUS_MOVE = YES;
				CLANG_WARN_UNGUARDED_AVAILABILITY = YES_AGGRESSIVE;
				CLANG_WARN_UNREACHABLE_CODE = YES;
				CLANG_WARN__DUPLICATE_METHOD_MATCH = YES;
				COPY_PHASE_STRIP = NO;
				DEBUG_INFORMATION_FORMAT = dwarf;
				ENABLE_STRICT_OBJC_MSGSEND = YES;
				ENABLE_TESTABILITY = YES;
				GCC_C_LANGUAGE_STANDARD = gnu11;
				GCC_DYNAMIC_NO_PIC = NO;
				GCC_NO_COMMON_BLOCKS = YES;
				GCC_OPTIMIZATION_LEVEL = 0;
				GCC_PREPROCESSOR_DEFINITIONS = (
					"DEBUG=1",
					"$(inherited)",
				);
				GCC_WARN_64_TO_32_BIT_CONVERSION = YES;
				GCC_WARN_ABOUT_RETURN_TYPE = YES_ERROR;
				GCC_WARN_UNDECLARED_SELECTOR = YES;
				GCC_WARN_UNINITIALIZED_AUTOS = YES_AGGRESSIVE;
				GCC_WARN_UNUSED_FUNCTION = YES;
				GCC_WARN_UNUSED_VARIABLE = YES;
				IPHONEOS_DEPLOYMENT_TARGET = 16.2;
				MTL_ENABLE_DEBUG_INFO = INCLUDE_SOURCE;
				MTL_FAST_MATH = YES;
				ONLY_ACTIVE_ARCH = YES;
				SDKROOT = iphoneos;
				SWIFT_ACTIVE_COMPILATION_CONDITIONS = DEBUG;
				SWIFT_OPTIMIZATION_LEVEL = "-Onone";
			};
			name = Debug;
		};
		9DB24EE62ACD597F0046BEE8 /* Release */ = {
			isa = XCBuildConfiguration;
			buildSettings = {
				ALWAYS_SEARCH_USER_PATHS = NO;
				CLANG_ANALYZER_NONNULL = YES;
				CLANG_ANALYZER_NUMBER_OBJECT_CONVERSION = YES_AGGRESSIVE;
				CLANG_CXX_LANGUAGE_STANDARD = "gnu++20";
				CLANG_ENABLE_MODULES = YES;
				CLANG_ENABLE_OBJC_ARC = YES;
				CLANG_ENABLE_OBJC_WEAK = YES;
				CLANG_WARN_BLOCK_CAPTURE_AUTORELEASING = YES;
				CLANG_WARN_BOOL_CONVERSION = YES;
				CLANG_WARN_COMMA = YES;
				CLANG_WARN_CONSTANT_CONVERSION = YES;
				CLANG_WARN_DEPRECATED_OBJC_IMPLEMENTATIONS = YES;
				CLANG_WARN_DIRECT_OBJC_ISA_USAGE = YES_ERROR;
				CLANG_WARN_DOCUMENTATION_COMMENTS = YES;
				CLANG_WARN_EMPTY_BODY = YES;
				CLANG_WARN_ENUM_CONVERSION = YES;
				CLANG_WARN_INFINITE_RECURSION = YES;
				CLANG_WARN_INT_CONVERSION = YES;
				CLANG_WARN_NON_LITERAL_NULL_CONVERSION = YES;
				CLANG_WARN_OBJC_IMPLICIT_RETAIN_SELF = YES;
				CLANG_WARN_OBJC_LITERAL_CONVERSION = YES;
				CLANG_WARN_OBJC_ROOT_CLASS = YES_ERROR;
				CLANG_WARN_QUOTED_INCLUDE_IN_FRAMEWORK_HEADER = YES;
				CLANG_WARN_RANGE_LOOP_ANALYSIS = YES;
				CLANG_WARN_STRICT_PROTOTYPES = YES;
				CLANG_WARN_SUSPICIOUS_MOVE = YES;
				CLANG_WARN_UNGUARDED_AVAILABILITY = YES_AGGRESSIVE;
				CLANG_WARN_UNREACHABLE_CODE = YES;
				CLANG_WARN__DUPLICATE_METHOD_MATCH = YES;
				COPY_PHASE_STRIP = NO;
				DEBUG_INFORMATION_FORMAT = "dwarf-with-dsym";
				ENABLE_NS_ASSERTIONS = NO;
				ENABLE_STRICT_OBJC_MSGSEND = YES;
				GCC_C_LANGUAGE_STANDARD = gnu11;
				GCC_NO_COMMON_BLOCKS = YES;
				GCC_WARN_64_TO_32_BIT_CONVERSION = YES;
				GCC_WARN_ABOUT_RETURN_TYPE = YES_ERROR;
				GCC_WARN_UNDECLARED_SELECTOR = YES;
				GCC_WARN_UNINITIALIZED_AUTOS = YES_AGGRESSIVE;
				GCC_WARN_UNUSED_FUNCTION = YES;
				GCC_WARN_UNUSED_VARIABLE = YES;
				IPHONEOS_DEPLOYMENT_TARGET = 16.2;
				MTL_ENABLE_DEBUG_INFO = NO;
				MTL_FAST_MATH = YES;
				SDKROOT = iphoneos;
				SWIFT_COMPILATION_MODE = wholemodule;
				SWIFT_OPTIMIZATION_LEVEL = "-O";
				VALIDATE_PRODUCT = YES;
			};
			name = Release;
		};
		9DB24EE82ACD597F0046BEE8 /* Debug */ = {
			isa = XCBuildConfiguration;
			baseConfigurationReference = 6BCB815348CE214703D38809 /* Pods-Dardesh.debug.xcconfig */;
			buildSettings = {
				ASSETCATALOG_COMPILER_APPICON_NAME = AppIcon;
				ASSETCATALOG_COMPILER_GLOBAL_ACCENT_COLOR_NAME = AccentColor;
				CODE_SIGN_STYLE = Automatic;
				CURRENT_PROJECT_VERSION = 1;
				GENERATE_INFOPLIST_FILE = YES;
				INFOPLIST_FILE = Dardesh/Info.plist;
				INFOPLIST_KEY_UIApplicationSupportsIndirectInputEvents = YES;
				INFOPLIST_KEY_UILaunchStoryboardName = LaunchScreen;
				INFOPLIST_KEY_UIMainStoryboardFile = Main;
				INFOPLIST_KEY_UISupportedInterfaceOrientations = UIInterfaceOrientationPortrait;
				INFOPLIST_KEY_UISupportedInterfaceOrientations_iPad = "UIInterfaceOrientationLandscapeLeft UIInterfaceOrientationLandscapeRight UIInterfaceOrientationPortrait UIInterfaceOrientationPortraitUpsideDown";
				LD_RUNPATH_SEARCH_PATHS = (
					"$(inherited)",
					"@executable_path/Frameworks",
				);
				MARKETING_VERSION = 1.0;
				PRODUCT_BUNDLE_IDENTIFIER = hh95.Dardesh;
				PRODUCT_NAME = "$(TARGET_NAME)";
				SWIFT_EMIT_LOC_STRINGS = YES;
				SWIFT_VERSION = 5.0;
				TARGETED_DEVICE_FAMILY = "1,2";
			};
			name = Debug;
		};
		9DB24EE92ACD597F0046BEE8 /* Release */ = {
			isa = XCBuildConfiguration;
			baseConfigurationReference = 390EC9BDEDAF02F06A0F258E /* Pods-Dardesh.release.xcconfig */;
			buildSettings = {
				ASSETCATALOG_COMPILER_APPICON_NAME = AppIcon;
				ASSETCATALOG_COMPILER_GLOBAL_ACCENT_COLOR_NAME = AccentColor;
				CODE_SIGN_STYLE = Automatic;
				CURRENT_PROJECT_VERSION = 1;
				GENERATE_INFOPLIST_FILE = YES;
				INFOPLIST_FILE = Dardesh/Info.plist;
				INFOPLIST_KEY_UIApplicationSupportsIndirectInputEvents = YES;
				INFOPLIST_KEY_UILaunchStoryboardName = LaunchScreen;
				INFOPLIST_KEY_UIMainStoryboardFile = Main;
				INFOPLIST_KEY_UISupportedInterfaceOrientations = UIInterfaceOrientationPortrait;
				INFOPLIST_KEY_UISupportedInterfaceOrientations_iPad = "UIInterfaceOrientationLandscapeLeft UIInterfaceOrientationLandscapeRight UIInterfaceOrientationPortrait UIInterfaceOrientationPortraitUpsideDown";
				LD_RUNPATH_SEARCH_PATHS = (
					"$(inherited)",
					"@executable_path/Frameworks",
				);
				MARKETING_VERSION = 1.0;
				PRODUCT_BUNDLE_IDENTIFIER = hh95.Dardesh;
				PRODUCT_NAME = "$(TARGET_NAME)";
				SWIFT_EMIT_LOC_STRINGS = YES;
				SWIFT_VERSION = 5.0;
				TARGETED_DEVICE_FAMILY = "1,2";
			};
			name = Release;
		};
/* End XCBuildConfiguration section */

/* Begin XCConfigurationList section */
		9DB24ECE2ACD597C0046BEE8 /* Build configuration list for PBXProject "Dardesh" */ = {
			isa = XCConfigurationList;
			buildConfigurations = (
				9DB24EE52ACD597F0046BEE8 /* Debug */,
				9DB24EE62ACD597F0046BEE8 /* Release */,
			);
			defaultConfigurationIsVisible = 0;
			defaultConfigurationName = Release;
		};
		9DB24EE72ACD597F0046BEE8 /* Build configuration list for PBXNativeTarget "Dardesh" */ = {
			isa = XCConfigurationList;
			buildConfigurations = (
				9DB24EE82ACD597F0046BEE8 /* Debug */,
				9DB24EE92ACD597F0046BEE8 /* Release */,
			);
			defaultConfigurationIsVisible = 0;
			defaultConfigurationName = Release;
		};
/* End XCConfigurationList section */
	};
	rootObject = 9DB24ECB2ACD597C0046BEE8 /* Project object */;
}
